
Microsoft Visual Studio Solution File, Format Version 12.00
Project("{FAE04EC0-301F-11D3-BF4B-00C04F79EFBC}") = "ProjectStatistics", "ProjectStatistics\ProjectStatistics.csproj", "{F6F787AE-A6F3-4508-8F02-2857BA4DE78B}"
EndProject
Project("{FAE04EC0-301F-11D3-BF4B-00C04F79EFBC}") = "OctokitGetData", "OctokitGetData\OctokitGetData.csproj", "{1281D921-DC1A-40BD-B1E8-E1887F4660B9}"
EndProject
Project("{FAE04EC0-301F-11D3-BF4B-00C04F79EFBC}") = "Shared", "Shared\Shared.csproj", "{A095194F-A9CE-48D0-8572-7921C19EA829}"
EndProject
Project("{FAE04EC0-301F-11D3-BF4B-00C04F79EFBC}") = "AllGitProcessKill", "AllGitProcessKill\AllGitProcessKill.csproj", "{7CE8F120-87EF-4B54-A8EB-2F46656886E0}"
EndProject
Project("{FAE04EC0-301F-11D3-BF4B-00C04F79EFBC}") = "CloneAllRepository", "CloneAllRepository\CloneAllRepository.csproj", "{AA0D88CF-0C46-4D61-B56D-3D4249C57E9F}"
EndProject
Project("{FAE04EC0-301F-11D3-BF4B-00C04F79EFBC}") = "ProjeKarsilastir", "ProjeKarsilastir\ProjeKarsilastir.csproj", "{FDCC417A-4DBC-442D-9FDA-6786351BA310}"
EndProject
Global
	GlobalSection(SolutionConfigurationPlatforms) = preSolution
		Debug|Any CPU = Debug|Any CPU
		Release|Any CPU = Release|Any CPU
	EndGlobalSection
	GlobalSection(ProjectConfigurationPlatforms) = postSolution
		{F6F787AE-A6F3-4508-8F02-2857BA4DE78B}.Debug|Any CPU.ActiveCfg = Debug|Any CPU
		{F6F787AE-A6F3-4508-8F02-2857BA4DE78B}.Debug|Any CPU.Build.0 = Debug|Any CPU
		{F6F787AE-A6F3-4508-8F02-2857BA4DE78B}.Release|Any CPU.ActiveCfg = Release|Any CPU
		{F6F787AE-A6F3-4508-8F02-2857BA4DE78B}.Release|Any CPU.Build.0 = Release|Any CPU
		{1281D921-DC1A-40BD-B1E8-E1887F4660B9}.Debug|Any CPU.ActiveCfg = Debug|Any CPU
		{1281D921-DC1A-40BD-B1E8-E1887F4660B9}.Debug|Any CPU.Build.0 = Debug|Any CPU
		{1281D921-DC1A-40BD-B1E8-E1887F4660B9}.Release|Any CPU.ActiveCfg = Release|Any CPU
		{1281D921-DC1A-40BD-B1E8-E1887F4660B9}.Release|Any CPU.Build.0 = Release|Any CPU
		{A095194F-A9CE-48D0-8572-7921C19EA829}.Debug|Any CPU.ActiveCfg = Debug|Any CPU
		{A095194F-A9CE-48D0-8572-7921C19EA829}.Debug|Any CPU.Build.0 = Debug|Any CPU
		{A095194F-A9CE-48D0-8572-7921C19EA829}.Release|Any CPU.ActiveCfg = Release|Any CPU
		{A095194F-A9CE-48D0-8572-7921C19EA829}.Release|Any CPU.Build.0 = Release|Any CPU
		{7CE8F120-87EF-4B54-A8EB-2F46656886E0}.Debug|Any CPU.ActiveCfg = Debug|Any CPU
		{7CE8F120-87EF-4B54-A8EB-2F46656886E0}.Debug|Any CPU.Build.0 = Debug|Any CPU
		{7CE8F120-87EF-4B54-A8EB-2F46656886E0}.Release|Any CPU.ActiveCfg = Release|Any CPU
		{7CE8F120-87EF-4B54-A8EB-2F46656886E0}.Release|Any CPU.Build.0 = Release|Any CPU
		{AA0D88CF-0C46-4D61-B56D-3D4249C57E9F}.Debug|Any CPU.ActiveCfg = Debug|Any CPU
		{AA0D88CF-0C46-4D61-B56D-3D4249C57E9F}.Debug|Any CPU.Build.0 = Debug|Any CPU
		{AA0D88CF-0C46-4D61-B56D-3D4249C57E9F}.Release|Any CPU.ActiveCfg = Release|Any CPU
		{AA0D88CF-0C46-4D61-B56D-3D4249C57E9F}.Release|Any CPU.Build.0 = Release|Any CPU
		{FDCC417A-4DBC-442D-9FDA-6786351BA310}.Debug|Any CPU.ActiveCfg = Debug|Any CPU
		{FDCC417A-4DBC-442D-9FDA-6786351BA310}.Debug|Any CPU.Build.0 = Debug|Any CPU
		{FDCC417A-4DBC-442D-9FDA-6786351BA310}.Release|Any CPU.ActiveCfg = Release|Any CPU
		{FDCC417A-4DBC-442D-9FDA-6786351BA310}.Release|Any CPU.Build.0 = Release|Any CPU
	EndGlobalSection
	GlobalSection(NestedProjects) = preSolution
	EndGlobalSection
EndGlobal
